// !$*UTF8*$!
{
	archiveVersion = 1;
	classes = {
	};
	objectVersion = 51;
	objects = {

/* Begin PBXBuildFile section */
		6AC3536E4E273571BECA7ADB /* Pods_CurrentWeatherApp.framework in Frameworks */ = {isa = PBXBuildFile; fileRef = 5789FEA7BB17DCD345C4E175 /* Pods_CurrentWeatherApp.framework */; };
		EF17174424BF63A700E3D697 /* WeatherCode.swift in Sources */ = {isa = PBXBuildFile; fileRef = EF17174324BF63A700E3D697 /* WeatherCode.swift */; };
		EF17174724BF663100E3D697 /* WeatherImageHelper.swift in Sources */ = {isa = PBXBuildFile; fileRef = EF17174624BF663100E3D697 /* WeatherImageHelper.swift */; };
		EFBADC0F24B47763001855AF /* AppDelegate.swift in Sources */ = {isa = PBXBuildFile; fileRef = EFBADC0E24B47763001855AF /* AppDelegate.swift */; };
		EFBADC1124B47763001855AF /* SceneDelegate.swift in Sources */ = {isa = PBXBuildFile; fileRef = EFBADC1024B47763001855AF /* SceneDelegate.swift */; };
		EFBADC1324B47763001855AF /* ViewController.swift in Sources */ = {isa = PBXBuildFile; fileRef = EFBADC1224B47763001855AF /* ViewController.swift */; };
		EFBADC1624B47763001855AF /* Main.storyboard in Resources */ = {isa = PBXBuildFile; fileRef = EFBADC1424B47763001855AF /* Main.storyboard */; };
		EFBADC1824B47768001855AF /* Assets.xcassets in Resources */ = {isa = PBXBuildFile; fileRef = EFBADC1724B47768001855AF /* Assets.xcassets */; };
		EFBADC1B24B47768001855AF /* LaunchScreen.storyboard in Resources */ = {isa = PBXBuildFile; fileRef = EFBADC1924B47768001855AF /* LaunchScreen.storyboard */; };
		EFBADC2A24B47E4C001855AF /* CurrentWeatherModel.swift in Sources */ = {isa = PBXBuildFile; fileRef = EFBADC2924B47E4C001855AF /* CurrentWeatherModel.swift */; };
		EFBADC3024B71F18001855AF /* Constants.swift in Sources */ = {isa = PBXBuildFile; fileRef = EFBADC2F24B71F18001855AF /* Constants.swift */; };
		EFBADC3324B71FAD001855AF /* CurrentWeatherData.swift in Sources */ = {isa = PBXBuildFile; fileRef = EFBADC3224B71FAD001855AF /* CurrentWeatherData.swift */; };
/* End PBXBuildFile section */

/* Begin PBXFileReference section */
		3F18D8FC6FF6F596CA3D49B8 /* Pods-CurrentWeatherApp.release.xcconfig */ = {isa = PBXFileReference; includeInIndex = 1; lastKnownFileType = text.xcconfig; name = "Pods-CurrentWeatherApp.release.xcconfig"; path = "Target Support Files/Pods-CurrentWeatherApp/Pods-CurrentWeatherApp.release.xcconfig"; sourceTree = "<group>"; };
		5789FEA7BB17DCD345C4E175 /* Pods_CurrentWeatherApp.framework */ = {isa = PBXFileReference; explicitFileType = wrapper.framework; includeInIndex = 0; path = Pods_CurrentWeatherApp.framework; sourceTree = BUILT_PRODUCTS_DIR; };
		596460DF2CF074C3E5CE0571 /* Pods-CurrentWeatherApp.debug.xcconfig */ = {isa = PBXFileReference; includeInIndex = 1; lastKnownFileType = text.xcconfig; name = "Pods-CurrentWeatherApp.debug.xcconfig"; path = "Target Support Files/Pods-CurrentWeatherApp/Pods-CurrentWeatherApp.debug.xcconfig"; sourceTree = "<group>"; };
		EF17174324BF63A700E3D697 /* WeatherCode.swift */ = {isa = PBXFileReference; lastKnownFileType = sourcecode.swift; path = WeatherCode.swift; sourceTree = "<group>"; };
		EF17174624BF663100E3D697 /* WeatherImageHelper.swift */ = {isa = PBXFileReference; lastKnownFileType = sourcecode.swift; path = WeatherImageHelper.swift; sourceTree = "<group>"; };
		EFBADC0B24B47763001855AF /* CurrentWeatherApp.app */ = {isa = PBXFileReference; explicitFileType = wrapper.application; includeInIndex = 0; path = CurrentWeatherApp.app; sourceTree = BUILT_PRODUCTS_DIR; };
		EFBADC0E24B47763001855AF /* AppDelegate.swift */ = {isa = PBXFileReference; lastKnownFileType = sourcecode.swift; path = AppDelegate.swift; sourceTree = "<group>"; };
		EFBADC1024B47763001855AF /* SceneDelegate.swift */ = {isa = PBXFileReference; lastKnownFileType = sourcecode.swift; path = SceneDelegate.swift; sourceTree = "<group>"; };
		EFBADC1224B47763001855AF /* ViewController.swift */ = {isa = PBXFileReference; lastKnownFileType = sourcecode.swift; path = ViewController.swift; sourceTree = "<group>"; };
		EFBADC1524B47763001855AF /* Base */ = {isa = PBXFileReference; lastKnownFileType = file.storyboard; name = Base; path = Base.lproj/Main.storyboard; sourceTree = "<group>"; };
		EFBADC1724B47768001855AF /* Assets.xcassets */ = {isa = PBXFileReference; lastKnownFileType = folder.assetcatalog; path = Assets.xcassets; sourceTree = "<group>"; };
		EFBADC1A24B47768001855AF /* Base */ = {isa = PBXFileReference; lastKnownFileType = file.storyboard; name = Base; path = Base.lproj/LaunchScreen.storyboard; sourceTree = "<group>"; };
		EFBADC1C24B47768001855AF /* Info.plist */ = {isa = PBXFileReference; lastKnownFileType = text.plist.xml; path = Info.plist; sourceTree = "<group>"; };
		EFBADC2924B47E4C001855AF /* CurrentWeatherModel.swift */ = {isa = PBXFileReference; lastKnownFileType = sourcecode.swift; path = CurrentWeatherModel.swift; sourceTree = "<group>"; };
		EFBADC2F24B71F18001855AF /* Constants.swift */ = {isa = PBXFileReference; lastKnownFileType = sourcecode.swift; path = Constants.swift; sourceTree = "<group>"; };
		EFBADC3224B71FAD001855AF /* CurrentWeatherData.swift */ = {isa = PBXFileReference; lastKnownFileType = sourcecode.swift; path = CurrentWeatherData.swift; sourceTree = "<group>"; };
/* End PBXFileReference section */

/* Begin PBXFrameworksBuildPhase section */
		EFBADC0824B47763001855AF /* Frameworks */ = {
			isa = PBXFrameworksBuildPhase;
			buildActionMask = 2147483647;
			files = (
				6AC3536E4E273571BECA7ADB /* Pods_CurrentWeatherApp.framework in Frameworks */,
			);
			runOnlyForDeploymentPostprocessing = 0;
		};
/* End PBXFrameworksBuildPhase section */

/* Begin PBXGroup section */
		14CF92BE77A9888327FFF133 /* Pods */ = {
			isa = PBXGroup;
			children = (
				596460DF2CF074C3E5CE0571 /* Pods-CurrentWeatherApp.debug.xcconfig */,
				3F18D8FC6FF6F596CA3D49B8 /* Pods-CurrentWeatherApp.release.xcconfig */,
			);
			path = Pods;
			sourceTree = "<group>";
		};
		EF17174524BF660900E3D697 /* Utils */ = {
			isa = PBXGroup;
			children = (
				EF17174624BF663100E3D697 /* WeatherImageHelper.swift */,
			);
			path = Utils;
			sourceTree = "<group>";
		};
		EFBADC0224B47763001855AF = {
			isa = PBXGroup;
			children = (
				EFBADC0D24B47763001855AF /* CurrentWeatherApp */,
				EFBADC0C24B47763001855AF /* Products */,
				14CF92BE77A9888327FFF133 /* Pods */,
				FC68C871588A1DD2AA3BEE47 /* Frameworks */,
			);
			sourceTree = "<group>";
		};
		EFBADC0C24B47763001855AF /* Products */ = {
			isa = PBXGroup;
			children = (
				EFBADC0B24B47763001855AF /* CurrentWeatherApp.app */,
			);
			name = Products;
			sourceTree = "<group>";
		};
		EFBADC0D24B47763001855AF /* CurrentWeatherApp */ = {
			isa = PBXGroup;
			children = (
				EF17174524BF660900E3D697 /* Utils */,
				EFBADC3124B71F90001855AF /* DataProvider */,
				EFBADC2E24B71EE4001855AF /* Constants */,
				EFBADC2224B47778001855AF /* ApplicationDelegates */,
				EFBADC2324B47791001855AF /* ViewControllers */,
				EFBADC2824B47E2B001855AF /* Models */,
				EFBADC2524B477BC001855AF /* StoryBoards */,
				EFBADC2724B4780C001855AF /* SupportingFiles */,
				EFBADC2624B477EE001855AF /* Resources */,
			);
			path = CurrentWeatherApp;
			sourceTree = "<group>";
		};
		EFBADC2224B47778001855AF /* ApplicationDelegates */ = {
			isa = PBXGroup;
			children = (
				EFBADC1024B47763001855AF /* SceneDelegate.swift */,
				EFBADC0E24B47763001855AF /* AppDelegate.swift */,
			);
			path = ApplicationDelegates;
			sourceTree = "<group>";
		};
		EFBADC2324B47791001855AF /* ViewControllers */ = {
			isa = PBXGroup;
			children = (
				EFBADC2424B477A0001855AF /* RootViewController */,
			);
			path = ViewControllers;
			sourceTree = "<group>";
		};
		EFBADC2424B477A0001855AF /* RootViewController */ = {
			isa = PBXGroup;
			children = (
				EFBADC1224B47763001855AF /* ViewController.swift */,
			);
			path = RootViewController;
			sourceTree = "<group>";
		};
		EFBADC2524B477BC001855AF /* StoryBoards */ = {
			isa = PBXGroup;
			children = (
				EFBADC1424B47763001855AF /* Main.storyboard */,
				EFBADC1924B47768001855AF /* LaunchScreen.storyboard */,
			);
			path = StoryBoards;
			sourceTree = "<group>";
		};
		EFBADC2624B477EE001855AF /* Resources */ = {
			isa = PBXGroup;
			children = (
				EFBADC1724B47768001855AF /* Assets.xcassets */,
			);
			path = Resources;
			sourceTree = "<group>";
		};
		EFBADC2724B4780C001855AF /* SupportingFiles */ = {
			isa = PBXGroup;
			children = (
				EFBADC1C24B47768001855AF /* Info.plist */,
			);
			path = SupportingFiles;
			sourceTree = "<group>";
		};
		EFBADC2824B47E2B001855AF /* Models */ = {
			isa = PBXGroup;
			children = (
				EFBADC2924B47E4C001855AF /* CurrentWeatherModel.swift */,
			);
			path = Models;
			sourceTree = "<group>";
		};
		EFBADC2E24B71EE4001855AF /* Constants */ = {
			isa = PBXGroup;
			children = (
				EFBADC2F24B71F18001855AF /* Constants.swift */,
				EF17174324BF63A700E3D697 /* WeatherCode.swift */,
			);
			path = Constants;
			sourceTree = "<group>";
		};
		EFBADC3124B71F90001855AF /* DataProvider */ = {
			isa = PBXGroup;
			children = (
				EFBADC3224B71FAD001855AF /* CurrentWeatherData.swift */,
			);
			path = DataProvider;
			sourceTree = "<group>";
		};
		FC68C871588A1DD2AA3BEE47 /* Frameworks */ = {
			isa = PBXGroup;
			children = (
				5789FEA7BB17DCD345C4E175 /* Pods_CurrentWeatherApp.framework */,
			);
			name = Frameworks;
			sourceTree = "<group>";
		};
/* End PBXGroup section */

/* Begin PBXNativeTarget section */
		EFBADC0A24B47763001855AF /* CurrentWeatherApp */ = {
			isa = PBXNativeTarget;
			buildConfigurationList = EFBADC1F24B47768001855AF /* Build configuration list for PBXNativeTarget "CurrentWeatherApp" */;
			buildPhases = (
				AF020C4F31DAB954FBD03C95 /* [CP] Check Pods Manifest.lock */,
				EFBADC0724B47763001855AF /* Sources */,
				EFBADC0824B47763001855AF /* Frameworks */,
				EFBADC0924B47763001855AF /* Resources */,
				BDDE1C8FD75D7D9B2F350365 /* [CP] Embed Pods Frameworks */,
			);
			buildRules = (
			);
			dependencies = (
			);
			name = CurrentWeatherApp;
			productName = CurrentWeatherApp;
			productReference = EFBADC0B24B47763001855AF /* CurrentWeatherApp.app */;
			productType = "com.apple.product-type.application";
		};
/* End PBXNativeTarget section */

/* Begin PBXProject section */
		EFBADC0324B47763001855AF /* Project object */ = {
			isa = PBXProject;
			attributes = {
				LastSwiftUpdateCheck = 1130;
				LastUpgradeCheck = 1130;
				ORGANIZATIONNAME = Somya;
				TargetAttributes = {
					EFBADC0A24B47763001855AF = {
						CreatedOnToolsVersion = 11.3;
					};
				};
			};
			buildConfigurationList = EFBADC0624B47763001855AF /* Build configuration list for PBXProject "CurrentWeatherApp" */;
			compatibilityVersion = "Xcode 9.3";
			developmentRegion = en;
			hasScannedForEncodings = 0;
			knownRegions = (
				en,
				Base,
			);
			mainGroup = EFBADC0224B47763001855AF;
			productRefGroup = EFBADC0C24B47763001855AF /* Products */;
			projectDirPath = "";
			projectRoot = "";
			targets = (
				EFBADC0A24B47763001855AF /* CurrentWeatherApp */,
			);
		};
/* End PBXProject section */

/* Begin PBXResourcesBuildPhase section */
		EFBADC0924B47763001855AF /* Resources */ = {
			isa = PBXResourcesBuildPhase;
			buildActionMask = 2147483647;
			files = (
				EFBADC1B24B47768001855AF /* LaunchScreen.storyboard in Resources */,
				EFBADC1824B47768001855AF /* Assets.xcassets in Resources */,
				EFBADC1624B47763001855AF /* Main.storyboard in Resources */,
			);
			runOnlyForDeploymentPostprocessing = 0;
		};
/* End PBXResourcesBuildPhase section */

/* Begin PBXShellScriptBuildPhase section */
		AF020C4F31DAB954FBD03C95 /* [CP] Check Pods Manifest.lock */ = {
			isa = PBXShellScriptBuildPhase;
			buildActionMask = 2147483647;
			files = (
			);
			inputFileListPaths = (
			);
			inputPaths = (
				"${PODS_PODFILE_DIR_PATH}/Podfile.lock",
				"${PODS_ROOT}/Manifest.lock",
			);
			name = "[CP] Check Pods Manifest.lock";
			outputFileListPaths = (
			);
			outputPaths = (
				"$(DERIVED_FILE_DIR)/Pods-CurrentWeatherApp-checkManifestLockResult.txt",
			);
			runOnlyForDeploymentPostprocessing = 0;
			shellPath = /bin/sh;
			shellScript = "diff \"${PODS_PODFILE_DIR_PATH}/Podfile.lock\" \"${PODS_ROOT}/Manifest.lock\" > /dev/null\nif [ $? != 0 ] ; then\n    # print error to STDERR\n    echo \"error: The sandbox is not in sync with the Podfile.lock. Run 'pod install' or update your CocoaPods installation.\" >&2\n    exit 1\nfi\n# This output is used by Xcode 'outputs' to avoid re-running this script phase.\necho \"SUCCESS\" > \"${SCRIPT_OUTPUT_FILE_0}\"\n";
			showEnvVarsInLog = 0;
		};
		BDDE1C8FD75D7D9B2F350365 /* [CP] Embed Pods Frameworks */ = {
			isa = PBXShellScriptBuildPhase;
			buildActionMask = 2147483647;
			files = (
			);
			inputFileListPaths = (
				"${PODS_ROOT}/Target Support Files/Pods-CurrentWeatherApp/Pods-CurrentWeatherApp-frameworks-${CONFIGURATION}-input-files.xcfilelist",
			);
			name = "[CP] Embed Pods Frameworks";
			outputFileListPaths = (
				"${PODS_ROOT}/Target Support Files/Pods-CurrentWeatherApp/Pods-CurrentWeatherApp-frameworks-${CONFIGURATION}-output-files.xcfilelist",
			);
			runOnlyForDeploymentPostprocessing = 0;
			shellPath = /bin/sh;
			shellScript = "\"${PODS_ROOT}/Target Support Files/Pods-CurrentWeatherApp/Pods-CurrentWeatherApp-frameworks.sh\"\n";
			showEnvVarsInLog = 0;
		};
/* End PBXShellScriptBuildPhase section */

/* Begin PBXSourcesBuildPhase section */
		EFBADC0724B47763001855AF /* Sources */ = {
			isa = PBXSourcesBuildPhase;
			buildActionMask = 2147483647;
			files = (
				EFBADC3024B71F18001855AF /* Constants.swift in Sources */,
				EF17174424BF63A700E3D697 /* WeatherCode.swift in Sources */,
				EFBADC2A24B47E4C001855AF /* CurrentWeatherModel.swift in Sources */,
				EFBADC3324B71FAD001855AF /* CurrentWeatherData.swift in Sources */,
				EFBADC1324B47763001855AF /* ViewController.swift in Sources */,
				EFBADC0F24B47763001855AF /* AppDelegate.swift in Sources */,
				EF17174724BF663100E3D697 /* WeatherImageHelper.swift in Sources */,
				EFBADC1124B47763001855AF /* SceneDelegate.swift in Sources */,
			);
			runOnlyForDeploymentPostprocessing = 0;
		};
/* End PBXSourcesBuildPhase section */

/* Begin PBXVariantGroup section */
		EFBADC1424B47763001855AF /* Main.storyboard */ = {
			isa = PBXVariantGroup;
			children = (
				EFBADC1524B47763001855AF /* Base */,
			);
			name = Main.storyboard;
			sourceTree = "<group>";
		};
		EFBADC1924B47768001855AF /* LaunchScreen.storyboard */ = {
			isa = PBXVariantGroup;
			children = (
				EFBADC1A24B47768001855AF /* Base */,
			);
			name = LaunchScreen.storyboard;
			sourceTree = "<group>";
		};
/* End PBXVariantGroup section */

/* Begin XCBuildConfiguration section */
		EFBADC1D24B47768001855AF /* Debug */ = {
			isa = XCBuildConfiguration;
			buildSettings = {
				ALWAYS_SEARCH_USER_PATHS = NO;
				CLANG_ANALYZER_NONNULL = YES;
				CLANG_ANALYZER_NUMBER_OBJECT_CONVERSION = YES_AGGRESSIVE;
				CLANG_CXX_LANGUAGE_STANDARD = "gnu++14";
				CLANG_CXX_LIBRARY = "libc++";
				CLANG_ENABLE_MODULES = YES;
				CLANG_ENABLE_OBJC_ARC = YES;
				CLANG_ENABLE_OBJC_WEAK = YES;
				CLANG_WARN_BLOCK_CAPTURE_AUTORELEASING = YES;
				CLANG_WARN_BOOL_CONVERSION = YES;
				CLANG_WARN_COMMA = YES;
				CLANG_WARN_CONSTANT_CONVERSION = YES;
				CLANG_WARN_DEPRECATED_OBJC_IMPLEMENTATIONS = YES;
				CLANG_WARN_DIRECT_OBJC_ISA_USAGE = YES_ERROR;
				CLANG_WARN_DOCUMENTATION_COMMENTS = YES;
				CLANG_WARN_EMPTY_BODY = YES;
				CLANG_WARN_ENUM_CONVERSION = YES;
				CLANG_WARN_INFINITE_RECURSION = YES;
				CLANG_WARN_INT_CONVERSION = YES;
				CLANG_WARN_NON_LITERAL_NULL_CONVERSION = YES;
				CLANG_WARN_OBJC_IMPLICIT_RETAIN_SELF = YES;
				CLANG_WARN_OBJC_LITERAL_CONVERSION = YES;
				CLANG_WARN_OBJC_ROOT_CLASS = YES_ERROR;
				CLANG_WARN_RANGE_LOOP_ANALYSIS = YES;
				CLANG_WARN_STRICT_PROTOTYPES = YES;
				CLANG_WARN_SUSPICIOUS_MOVE = YES;
				CLANG_WARN_UNGUARDED_AVAILABILITY = YES_AGGRESSIVE;
				CLANG_WARN_UNREACHABLE_CODE = YES;
				CLANG_WARN__DUPLICATE_METHOD_MATCH = YES;
				COPY_PHASE_STRIP = NO;
				DEBUG_INFORMATION_FORMAT = dwarf;
				ENABLE_STRICT_OBJC_MSGSEND = YES;
				ENABLE_TESTABILITY = YES;
				GCC_C_LANGUAGE_STANDARD = gnu11;
				GCC_DYNAMIC_NO_PIC = NO;
				GCC_NO_COMMON_BLOCKS = YES;
				GCC_OPTIMIZATION_LEVEL = 0;
				GCC_PREPROCESSOR_DEFINITIONS = (
					"DEBUG=1",
					"$(inherited)",
				);
				GCC_WARN_64_TO_32_BIT_CONVERSION = YES;
				GCC_WARN_ABOUT_RETURN_TYPE = YES_ERROR;
				GCC_WARN_UNDECLARED_SELECTOR = YES;
				GCC_WARN_UNINITIALIZED_AUTOS = YES_AGGRESSIVE;
				GCC_WARN_UNUSED_FUNCTION = YES;
				GCC_WARN_UNUSED_VARIABLE = YES;
				IPHONEOS_DEPLOYMENT_TARGET = 13.2;
				MTL_ENABLE_DEBUG_INFO = INCLUDE_SOURCE;
				MTL_FAST_MATH = YES;
				ONLY_ACTIVE_ARCH = YES;
				SDKROOT = iphoneos;
				SWIFT_ACTIVE_COMPILATION_CONDITIONS = DEBUG;
				SWIFT_OPTIMIZATION_LEVEL = "-Onone";
			};
			name = Debug;
		};
		EFBADC1E24B47768001855AF /* Release */ = {
			isa = XCBuildConfiguration;
			buildSettings = {
				ALWAYS_SEARCH_USER_PATHS = NO;
				CLANG_ANALYZER_NONNULL = YES;
				CLANG_ANALYZER_NUMBER_OBJECT_CONVERSION = YES_AGGRESSIVE;
				CLANG_CXX_LANGUAGE_STANDARD = "gnu++14";
				CLANG_CXX_LIBRARY = "libc++";
				CLANG_ENABLE_MODULES = YES;
				CLANG_ENABLE_OBJC_ARC = YES;
				CLANG_ENABLE_OBJC_WEAK = YES;
				CLANG_WARN_BLOCK_CAPTURE_AUTORELEASING = YES;
				CLANG_WARN_BOOL_CONVERSION = YES;
				CLANG_WARN_COMMA = YES;
				CLANG_WARN_CONSTANT_CONVERSION = YES;
				CLANG_WARN_DEPRECATED_OBJC_IMPLEMENTATIONS = YES;
				CLANG_WARN_DIRECT_OBJC_ISA_USAGE = YES_ERROR;
				CLANG_WARN_DOCUMENTATION_COMMENTS = YES;
				CLANG_WARN_EMPTY_BODY = YES;
				CLANG_WARN_ENUM_CONVERSION = YES;
				CLANG_WARN_INFINITE_RECURSION = YES;
				CLANG_WARN_INT_CONVERSION = YES;
				CLANG_WARN_NON_LITERAL_NULL_CONVERSION = YES;
				CLANG_WARN_OBJC_IMPLICIT_RETAIN_SELF = YES;
				CLANG_WARN_OBJC_LITERAL_CONVERSION = YES;
				CLANG_WARN_OBJC_ROOT_CLASS = YES_ERROR;
				CLANG_WARN_RANGE_LOOP_ANALYSIS = YES;
				CLANG_WARN_STRICT_PROTOTYPES = YES;
				CLANG_WARN_SUSPICIOUS_MOVE = YES;
				CLANG_WARN_UNGUARDED_AVAILABILITY = YES_AGGRESSIVE;
				CLANG_WARN_UNREACHABLE_CODE = YES;
				CLANG_WARN__DUPLICATE_METHOD_MATCH = YES;
				COPY_PHASE_STRIP = NO;
				DEBUG_INFORMATION_FORMAT = "dwarf-with-dsym";
				ENABLE_NS_ASSERTIONS = NO;
				ENABLE_STRICT_OBJC_MSGSEND = YES;
				GCC_C_LANGUAGE_STANDARD = gnu11;
				GCC_NO_COMMON_BLOCKS = YES;
				GCC_WARN_64_TO_32_BIT_CONVERSION = YES;
				GCC_WARN_ABOUT_RETURN_TYPE = YES_ERROR;
				GCC_WARN_UNDECLARED_SELECTOR = YES;
				GCC_WARN_UNINITIALIZED_AUTOS = YES_AGGRESSIVE;
				GCC_WARN_UNUSED_FUNCTION = YES;
				GCC_WARN_UNUSED_VARIABLE = YES;
				IPHONEOS_DEPLOYMENT_TARGET = 13.2;
				MTL_ENABLE_DEBUG_INFO = NO;
				MTL_FAST_MATH = YES;
				SDKROOT = iphoneos;
				SWIFT_COMPILATION_MODE = wholemodule;
				SWIFT_OPTIMIZATION_LEVEL = "-O";
				VALIDATE_PRODUCT = YES;
			};
			name = Release;
		};
		EFBADC2024B47768001855AF /* Debug */ = {
			isa = XCBuildConfiguration;
			baseConfigurationReference = 596460DF2CF074C3E5CE0571 /* Pods-CurrentWeatherApp.debug.xcconfig */;
			buildSettings = {
				ASSETCATALOG_COMPILER_APPICON_NAME = AppIcon;
				CODE_SIGN_STYLE = Automatic;
				INFOPLIST_FILE = CurrentWeatherApp/SupportingFiles/Info.plist;
				LD_RUNPATH_SEARCH_PATHS = (
					"$(inherited)",
					"@executable_path/Frameworks",
				);
				PRODUCT_BUNDLE_IDENTIFIER = com.example.CurrentWeatherApp;
				PRODUCT_NAME = "$(TARGET_NAME)";
				SWIFT_VERSION = 5.0;
				TARGETED_DEVICE_FAMILY = "1,2";
			};
			name = Debug;
		};
		EFBADC2124B47768001855AF /* Release */ = {
			isa = XCBuildConfiguration;
			baseConfigurationReference = 3F18D8FC6FF6F596CA3D49B8 /* Pods-CurrentWeatherApp.release.xcconfig */;
			buildSettings = {
				ASSETCATALOG_COMPILER_APPICON_NAME = AppIcon;
				CODE_SIGN_STYLE = Automatic;
				INFOPLIST_FILE = CurrentWeatherApp/SupportingFiles/Info.plist;
				LD_RUNPATH_SEARCH_PATHS = (
					"$(inherited)",
					"@executable_path/Frameworks",
				);
				PRODUCT_BUNDLE_IDENTIFIER = com.example.CurrentWeatherApp;
				PRODUCT_NAME = "$(TARGET_NAME)";
				SWIFT_VERSION = 5.0;
				TARGETED_DEVICE_FAMILY = "1,2";
			};
			name = Release;
		};
/* End XCBuildConfiguration section */

/* Begin XCConfigurationList section */
		EFBADC0624B47763001855AF /* Build configuration list for PBXProject "CurrentWeatherApp" */ = {
			isa = XCConfigurationList;
			buildConfigurations = (
				EFBADC1D24B47768001855AF /* Debug */,
				EFBADC1E24B47768001855AF /* Release */,
			);
			defaultConfigurationIsVisible = 0;
			defaultConfigurationName = Release;
		};
		EFBADC1F24B47768001855AF /* Build configuration list for PBXNativeTarget "CurrentWeatherApp" */ = {
			isa = XCConfigurationList;
			buildConfigurations = (
				EFBADC2024B47768001855AF /* Debug */,
				EFBADC2124B47768001855AF /* Release */,
			);
			defaultConfigurationIsVisible = 0;
			defaultConfigurationName = Release;
		};
/* End XCConfigurationList section */
	};
	rootObject = EFBADC0324B47763001855AF /* Project object */;
}
